
Microsoft Visual Studio Solution File, Format Version 12.00
# Visual Studio Version 16
VisualStudioVersion = 16.0.30611.23
MinimumVisualStudioVersion = 10.0.40219.1
Project("{FAE04EC0-301F-11D3-BF4B-00C04F79EFBC}") = "MemoryPlacement", "MemoryPlacement.csproj", "{D048A4C3-1EB8-455A-8AFB-D455B39BF13D}"
EndProject
Project("{54435603-DBB4-11D2-8724-00A0C9A8B90C}") = "MM_OL157_IPS", "..\MM_OL157_IPS\MM_OL157_IPS.vdproj", "{9463D84D-306F-4CFF-9110-1A2A193AA300}"
EndProject
Global
	GlobalSection(SolutionConfigurationPlatforms) = preSolution
		Debug|Any CPU = Debug|Any CPU
		Release|Any CPU = Release|Any CPU
	EndGlobalSection
	GlobalSection(ProjectConfigurationPlatforms) = postSolution
		{D048A4C3-1EB8-455A-8AFB-D455B39BF13D}.Debug|Any CPU.ActiveCfg = Debug|Any CPU
		{D048A4C3-1EB8-455A-8AFB-D455B39BF13D}.Debug|Any CPU.Build.0 = Debug|Any CPU
		{D048A4C3-1EB8-455A-8AFB-D455B39BF13D}.Release|Any CPU.ActiveCfg = Release|Any CPU
		{D048A4C3-1EB8-455A-8AFB-D455B39BF13D}.Release|Any CPU.Build.0 = Release|Any CPU
		{9463D84D-306F-4CFF-9110-1A2A193AA300}.Debug|Any CPU.ActiveCfg = Debug
		{9463D84D-306F-4CFF-9110-1A2A193AA300}.Release|Any CPU.ActiveCfg = Release
	EndGlobalSection
	GlobalSection(SolutionProperties) = preSolution
		HideSolutionNode = FALSE
	EndGlobalSection
	GlobalSection(ExtensibilityGlobals) = postSolution
		SolutionGuid = {9E33CBAE-ED15-4C28-ADAA-A545AE7EB8F4}
	EndGlobalSection
EndGlobal
